Microsoft Visual Studio Solution File, Format Version 12.00
# Visual Studio Version 17
VisualStudioVersion = 17.5.2.0
MinimumVisualStudioVersion = 10.0.40219.1
Project("{FAE04EC0-301F-11D3-BF4B-00C04F79EFBC}") = "HashtagGeneratorApi", "HashtagGeneratorApi\HashtagGeneratorApi.csproj", "{355A98B1-6B30-B73E-E3BD-84DD22C60BB4}"
EndProject
Global
	GlobalSection(SolutionConfigurationPlatforms) = preSolution
		Debug|Any CPU = Debug|Any CPU
		Release|Any CPU = Release|Any CPU
	EndGlobalSection
	GlobalSection(ProjectConfigurationPlatforms) = postSolution
		{355A98B1-6B30-B73E-E3BD-84DD22C60BB4}.Debug|Any CPU.ActiveCfg = Debug|Any CPU
		{355A98B1-6B30-B73E-E3BD-84DD22C60BB4}.Debug|Any CPU.Build.0 = Debug|Any CPU
		{355A98B1-6B30-B73E-E3BD-84DD22C60BB4}.Release|Any CPU.ActiveCfg = Release|Any CPU
		{355A98B1-6B30-B73E-E3BD-84DD22C60BB4}.Release|Any CPU.Build.0 = Release|Any CPU
	EndGlobalSection
	GlobalSection(SolutionProperties) = preSolution
		HideSolutionNode = FALSE
	EndGlobalSection
	GlobalSection(ExtensibilityGlobals) = postSolution
		SolutionGuid = {35BB5794-B1C4-414D-A0ED-93B25AFFA1AA}
	EndGlobalSection
EndGlobal
